
Microsoft Visual Studio Solution File, Format Version 12.00
# Visual Studio Version 17
VisualStudioVersion = 17.7.34031.279
MinimumVisualStudioVersion = 10.0.40219.1
Project("{FAE04EC0-301F-11D3-BF4B-00C04F79EFBC}") = "LinearStructures", "LinearStructures\LinearStructures.csproj", "{74EF2630-5BD5-4FEB-83BC-6E1F769BB205}"
EndProject
Global
	GlobalSection(SolutionConfigurationPlatforms) = preSolution
		Debug|Any CPU = Debug|Any CPU
		Release|Any CPU = Release|Any CPU
	EndGlobalSection
	GlobalSection(ProjectConfigurationPlatforms) = postSolution
		{74EF2630-5BD5-4FEB-83BC-6E1F769BB205}.Debug|Any CPU.ActiveCfg = Debug|Any CPU
		{74EF2630-5BD5-4FEB-83BC-6E1F769BB205}.Debug|Any CPU.Build.0 = Debug|Any CPU
		{74EF2630-5BD5-4FEB-83BC-6E1F769BB205}.Release|Any CPU.ActiveCfg = Release|Any CPU
		{74EF2630-5BD5-4FEB-83BC-6E1F769BB205}.Release|Any CPU.Build.0 = Release|Any CPU
	EndGlobalSection
	GlobalSection(SolutionProperties) = preSolution
		HideSolutionNode = FALSE
	EndGlobalSection
	GlobalSection(ExtensibilityGlobals) = postSolution
		SolutionGuid = {463C54C3-6729-40AB-82B0-FC2CF1D1B80B}
	EndGlobalSection
EndGlobal
